
Microsoft Visual Studio Solution File, Format Version 12.00
# Visual Studio 15
VisualStudioVersion = 15.0.28010.2016
MinimumVisualStudioVersion = 10.0.40219.1
Project("{FAE04EC0-301F-11D3-BF4B-00C04F79EFBC}") = "HTMLFive", "HTMLFive\HTMLFive.csproj", "{CC3B9378-9D13-4D10-953B-F9C21DCC8F2E}"
EndProject
Project("{FAE04EC0-301F-11D3-BF4B-00C04F79EFBC}") = "CSSThree", "CSSThree\CSSThree.csproj", "{0A01A699-F1C3-48B5-8C5D-72FE6668EEF2}"
EndProject
Global
	GlobalSection(SolutionConfigurationPlatforms) = preSolution
		Debug|Any CPU = Debug|Any CPU
		Release|Any CPU = Release|Any CPU
	EndGlobalSection
	GlobalSection(ProjectConfigurationPlatforms) = postSolution
		{CC3B9378-9D13-4D10-953B-F9C21DCC8F2E}.Debug|Any CPU.ActiveCfg = Debug|Any CPU
		{CC3B9378-9D13-4D10-953B-F9C21DCC8F2E}.Debug|Any CPU.Build.0 = Debug|Any CPU
		{CC3B9378-9D13-4D10-953B-F9C21DCC8F2E}.Release|Any CPU.ActiveCfg = Release|Any CPU
		{CC3B9378-9D13-4D10-953B-F9C21DCC8F2E}.Release|Any CPU.Build.0 = Release|Any CPU
		{0A01A699-F1C3-48B5-8C5D-72FE6668EEF2}.Debug|Any CPU.ActiveCfg = Debug|Any CPU
		{0A01A699-F1C3-48B5-8C5D-72FE6668EEF2}.Debug|Any CPU.Build.0 = Debug|Any CPU
		{0A01A699-F1C3-48B5-8C5D-72FE6668EEF2}.Release|Any CPU.ActiveCfg = Release|Any CPU
		{0A01A699-F1C3-48B5-8C5D-72FE6668EEF2}.Release|Any CPU.Build.0 = Release|Any CPU
	EndGlobalSection
	GlobalSection(SolutionProperties) = preSolution
		HideSolutionNode = FALSE
	EndGlobalSection
	GlobalSection(ExtensibilityGlobals) = postSolution
		SolutionGuid = {A5FE8C79-DB08-4838-A33A-996979E5D192}
	EndGlobalSection
EndGlobal
